{
    "_meta": {
        "hash": {
            "sha256": "7bfe62ffa71297022cb54a03bc787f7bc64d26213bda6edfc54671d2e6462d5c"
        },
        "pipfile-spec": 6,
        "requires": {
            "python_version": "3.7"
        },
        "sources": [
            {
                "name": "pypi",
                "url": "https://pypi.python.org/simple",
                "verify_ssl": true
            }
        ]
    },
    "default": {
        "asgiref": {
            "hashes": [
                "sha256:7e06d934a7718bf3975acbf87780ba678957b87c7adc056f13b6215d610695a0",
                "sha256:ea448f92fc35a0ef4b1508f53a04c4670255a3f33d22a81c8fc9c872036adbe5"
            ],
            "index": "pypi",
            "version": "==3.2.3"
        },
        "certifi": {
            "hashes": [
                "sha256:2bbf76fd432960138b3ef6dda3dde0544f27cbf8546c458e60baf371917ba9ee",
                "sha256:50b1e4f8446b06f41be7dd6338db18e0990601dce795c2b1686458aa7e8fa7d8"
            ],
            "version": "==2021.5.30"
        },
        "chardet": {
            "hashes": [
                "sha256:0d6f53a15db4120f2b08c94f11e7d93d2c911ee118b6b30a04ec3ee8310179fa",
                "sha256:f864054d66fd9118f2e67044ac8981a54775ec5b67aed0441892edb553d21da5"
            ],
            "version": "==4.0.0"
        },
        "chart-studio": {
            "hashes": [
                "sha256:1293776553a552bb3ff918c33d70f3b0794103b8cb0ac08aad8bde1c94ee65e3",
                "sha256:7dcd66ccdba81ca54025cfcb76e0e68ed9922f474adc45848542f186567f60da"
            ],
            "index": "pypi",
            "version": "==1.0.0"
        },
        "cycler": {
            "hashes": [
                "sha256:1d8a5ae1ff6c5cf9b93e8811e581232ad8920aeec647c37316ceac982b08cb2d",
                "sha256:cd7b2d1018258d7247a71425e9f26463dfb444d411c39569972f4ce586b0c9d8"
            ],
            "version": "==0.10.0"
        },
        "django": {
            "hashes": [
                "sha256:2f1ba1db8648484dd5c238fb62504777b7ad090c81c5f1fd8d5eb5ec21b5f283",
                "sha256:c91c91a7ad6ef67a874a4f76f58ba534f9208412692a840e1d125eb5c279cb0a"
            ],
            "index": "pypi",
            "version": "==3.0.3"
        },
        "gunicorn": {
            "hashes": [
                "sha256:1904bb2b8a43658807108d59c3f3d56c2b6121a701161de0ddf9ad140073c626",
                "sha256:cd4a810dd51bf497552cf3f863b575dabd73d6ad6a91075b65936b151cbf4f9c"
            ],
            "index": "pypi",
            "version": "==20.0.4"
        },
        "idna": {
            "hashes": [
                "sha256:b307872f855b18632ce0c21c5e45be78c0ea7ae4c15c828c20788b26921eb3f6",
                "sha256:b97d804b1e9b523befed77c48dacec60e6dcb0b5391d57af6a65a312a90648c0"
            ],
            "version": "==2.10"
        },
        "kiwisolver": {
            "hashes": [
                "sha256:0cd53f403202159b44528498de18f9285b04482bab2a6fc3f5dd8dbb9352e30d",
                "sha256:1e1bc12fb773a7b2ffdeb8380609f4f8064777877b2225dec3da711b421fda31",
                "sha256:225e2e18f271e0ed8157d7f4518ffbf99b9450fca398d561eb5c4a87d0986dd9",
                "sha256:232c9e11fd7ac3a470d65cd67e4359eee155ec57e822e5220322d7b2ac84fbf0",
                "sha256:31dfd2ac56edc0ff9ac295193eeaea1c0c923c0355bf948fbd99ed6018010b72",
                "sha256:33449715e0101e4d34f64990352bce4095c8bf13bed1b390773fc0a7295967b3",
                "sha256:401a2e9afa8588589775fe34fc22d918ae839aaaf0c0e96441c0fdbce6d8ebe6",
                "sha256:44a62e24d9b01ba94ae7a4a6c3fb215dc4af1dde817e7498d901e229aaf50e4e",
                "sha256:50af681a36b2a1dee1d3c169ade9fdc59207d3c31e522519181e12f1b3ba7000",
                "sha256:563c649cfdef27d081c84e72a03b48ea9408c16657500c312575ae9d9f7bc1c3",
                "sha256:5989db3b3b34b76c09253deeaf7fbc2707616f130e166996606c284395da3f18",
                "sha256:5a7a7dbff17e66fac9142ae2ecafb719393aaee6a3768c9de2fd425c63b53e21",
                "sha256:5c3e6455341008a054cccee8c5d24481bcfe1acdbc9add30aa95798e95c65621",
                "sha256:5f6ccd3dd0b9739edcf407514016108e2280769c73a85b9e59aa390046dbf08b",
                "sha256:72c99e39d005b793fb7d3d4e660aed6b6281b502e8c1eaf8ee8346023c8e03bc",
                "sha256:78751b33595f7f9511952e7e60ce858c6d64db2e062afb325985ddbd34b5c131",
                "sha256:834ee27348c4aefc20b479335fd422a2c69db55f7d9ab61721ac8cd83eb78882",
                "sha256:8be8d84b7d4f2ba4ffff3665bcd0211318aa632395a1a41553250484a871d454",
                "sha256:950a199911a8d94683a6b10321f9345d5a3a8433ec58b217ace979e18f16e248",
                "sha256:a357fd4f15ee49b4a98b44ec23a34a95f1e00292a139d6015c11f55774ef10de",
                "sha256:a53d27d0c2a0ebd07e395e56a1fbdf75ffedc4a05943daf472af163413ce9598",
                "sha256:acef3d59d47dd85ecf909c359d0fd2c81ed33bdff70216d3956b463e12c38a54",
                "sha256:b38694dcdac990a743aa654037ff1188c7a9801ac3ccc548d3341014bc5ca278",
                "sha256:b9edd0110a77fc321ab090aaa1cfcaba1d8499850a12848b81be2222eab648f6",
                "sha256:c08e95114951dc2090c4a630c2385bef681cacf12636fb0241accdc6b303fd81",
                "sha256:c5518d51a0735b1e6cee1fdce66359f8d2b59c3ca85dc2b0813a8aa86818a030",
                "sha256:c8fd0f1ae9d92b42854b2979024d7597685ce4ada367172ed7c09edf2cef9cb8",
                "sha256:ca3820eb7f7faf7f0aa88de0e54681bddcb46e485beb844fcecbcd1c8bd01689",
                "sha256:cf8b574c7b9aa060c62116d4181f3a1a4e821b2ec5cbfe3775809474113748d4",
                "sha256:d3155d828dec1d43283bd24d3d3e0d9c7c350cdfcc0bd06c0ad1209c1bbc36d0",
                "sha256:f8d6f8db88049a699817fd9178782867bf22283e3813064302ac59f61d95be05",
                "sha256:fd34fbbfbc40628200730bc1febe30631347103fc8d3d4fa012c21ab9c11eca9"
            ],
            "version": "==1.3.1"
        },
        "matplotlib": {
            "hashes": [
                "sha256:23b71560c721109954c0215ffc81f4c80ce8528749d534a01a61e8ab737c5bce",
                "sha256:4164265ca573481ce61c83322e6b33628203afeabeb3e22c50376f5d3ee0f9be",
                "sha256:470eed601ff5132364e0121a20d7c3d43fab969c8c333422c1b6b72fde2ed3c1",
                "sha256:635ded7834f43c8d999076236f7e90074d77f7b8345e5e82cd95af053cc29df1",
                "sha256:6a0031774c6c68298183438edf2e738856d63a4c4797876fa81d0ee337f5361c",
                "sha256:78d0772412c0653aa3e860c52ff08d1f5ba64334e2b86b09dc2d502657d8ca73",
                "sha256:8efff896c49676700dc6adace6137a854ff64a4d44ca057ff726960ffdaa47bf",
                "sha256:97f04d29a358826f205320fbc88d46ce5c5ff6fb54ae050042ff396beda52ca4",
                "sha256:b4c0010eff09ab65c77ad1a0eec6c7cccb9f6838c3c77dc5b4002fe0cf2912fd",
                "sha256:b5ace0531255932ad19fe64c116ada2713f7b38381db8f68df0fa694409e67d1",
                "sha256:c7bb7ed3e011324b56462391ec3f4bbb7c8c6af5892ebfb45d312b15b4cdfc8d",
                "sha256:db3121f12fb9b99f105d1413aebaeb3d943f269f3d262b45586d12765866f0c6",
                "sha256:db8bbba9284845034a2f0e1add91dc5e89db8c996359bdcf677a8d6f88875cf1",
                "sha256:f0023322c99328c40ce22678ab0ab5adfc27e338419966539398239996f63e8d"
            ],
            "index": "pypi",
            "version": "==3.1.3"
        },
        "numpy": {
            "hashes": [
                "sha256:1786a08236f2c92ae0e70423c45e1e62788ed33028f94ca99c4df03f5be6b3c6",
                "sha256:17aa7a81fe7599a10f2b7d95856dc5cf84a4eefa45bc96123cbbc3ebc568994e",
                "sha256:20b26aaa5b3da029942cdcce719b363dbe58696ad182aff0e5dcb1687ec946dc",
                "sha256:2d75908ab3ced4223ccba595b48e538afa5ecc37405923d1fea6906d7c3a50bc",
                "sha256:39d2c685af15d3ce682c99ce5925cc66efc824652e10990d2462dfe9b8918c6a",
                "sha256:56bc8ded6fcd9adea90f65377438f9fea8c05fcf7c5ba766bef258d0da1554aa",
                "sha256:590355aeade1a2eaba17617c19edccb7db8d78760175256e3cf94590a1a964f3",
                "sha256:70a840a26f4e61defa7bdf811d7498a284ced303dfbc35acb7be12a39b2aa121",
                "sha256:77c3bfe65d8560487052ad55c6998a04b654c2fbc36d546aef2b2e511e760971",
                "sha256:9537eecf179f566fd1c160a2e912ca0b8e02d773af0a7a1120ad4f7507cd0d26",
                "sha256:9acdf933c1fd263c513a2df3dceecea6f3ff4419d80bf238510976bf9bcb26cd",
                "sha256:ae0975f42ab1f28364dcda3dde3cf6c1ddab3e1d4b2909da0cb0191fa9ca0480",
                "sha256:b3af02ecc999c8003e538e60c89a2b37646b39b688d4e44d7373e11c2debabec",
                "sha256:b6ff59cee96b454516e47e7721098e6ceebef435e3e21ac2d6c3b8b02628eb77",
                "sha256:b765ed3930b92812aa698a455847141869ef755a87e099fddd4ccf9d81fffb57",
                "sha256:c98c5ffd7d41611407a1103ae11c8b634ad6a43606eca3e2a5a269e5d6e8eb07",
                "sha256:cf7eb6b1025d3e169989416b1adcd676624c2dbed9e3bcb7137f51bfc8cc2572",
                "sha256:d92350c22b150c1cae7ebb0ee8b5670cc84848f6359cf6b5d8f86617098a9b73",
                "sha256:e422c3152921cece8b6a2fb6b0b4d73b6579bd20ae075e7d15143e711f3ca2ca",
                "sha256:e840f552a509e3380b0f0ec977e8124d0dc34dc0e68289ca28f4d7c1d0d79474",
                "sha256:f3d0a94ad151870978fb93538e95411c83899c9dc63e6fb65542f769568ecfa5"
            ],
            "index": "pypi",
            "version": "==1.18.1"
        },
        "pandas": {
            "hashes": [
                "sha256:23e177d43e4bf68950b0f8788b6a2fef2f478f4ec94883acb627b9264522a98a",
                "sha256:2530aea4fe46e8df7829c3f05e0a0f821c893885d53cb8ac9b89cc67c143448c",
                "sha256:303827f0bb40ff610fbada5b12d50014811efcc37aaf6ef03202dc3054bfdda1",
                "sha256:3b019e3ea9f5d0cfee0efabae2cfd3976874e90bcc3e97b29600e5a9b345ae3d",
                "sha256:3c07765308f091d81b6735d4f2242bb43c332cc3461cae60543df6b10967fe27",
                "sha256:5036d4009012a44aa3e50173e482b664c1fae36decd277c49e453463798eca4e",
                "sha256:6f38969e2325056f9959efbe06c27aa2e94dd35382265ad0703681d993036052",
                "sha256:74a470d349d52b9d00a2ba192ae1ee22155bb0a300fd1ccb2961006c3fa98ed3",
                "sha256:7d77034e402165b947f43050a8a415aa3205abfed38d127ea66e57a2b7b5a9e0",
                "sha256:7f9a509f6f11fa8b9313002ebdf6f690a7aa1dd91efd95d90185371a0d68220e",
                "sha256:942b5d04762feb0e55b2ad97ce2b254a0ffdd344b56493b04a627266e24f2d82",
                "sha256:a9fbe41663416bb70ed05f4e16c5f377519c0dc292ba9aa45f5356e37df03a38",
                "sha256:d10e83866b48c0cdb83281f786564e2a2b51a7ae7b8a950c3442ad3c9e36b48c",
                "sha256:e2140e1bbf9c46db9936ee70f4be6584d15ff8dc3dfff1da022d71227d53bad3"
            ],
            "index": "pypi",
            "version": "==1.0.1"
        },
        "patsy": {
            "hashes": [
                "sha256:5465be1c0e670c3a965355ec09e9a502bf2c4cbe4875e8528b0221190a8a5d40",
                "sha256:f115cec4201e1465cd58b9866b0b0e7b941caafec129869057405bfe5b5e3991"
            ],
            "version": "==0.5.1"
        },
        "plotly": {
            "hashes": [
                "sha256:a19ed783bcf094e6207b3699ab261465bf3c7d299403678801de634bf17e2559",
                "sha256:bb5271f648913cf330a0de4ede3084cda848f8ad8b080330a0678e1b21df97b0"
            ],
            "index": "pypi",
            "version": "==4.5.0"
        },
        "pyparsing": {
            "hashes": [
                "sha256:c203ec8783bf771a155b207279b9bccb8dea02d8f0c9e5f8ead507bc3246ecc1",
                "sha256:ef9d7589ef3c200abe66653d3f1ab1033c3c419ae9b9bdb1240a85b024efc88b"
            ],
            "version": "==2.4.7"
        },
        "python-dateutil": {
            "hashes": [
                "sha256:73ebfe9dbf22e832286dafa60473e4cd239f8592f699aa5adaf10050e6e1823c",
                "sha256:75bb3f31ea686f1197762692a9ee6a7550b59fc6ca3a1f4b5d7e32fb98e2da2a"
            ],
            "version": "==2.8.1"
        },
        "pytz": {
            "hashes": [
                "sha256:83a4a90894bf38e243cf052c8b58f381bfe9a7a483f6a9cab140bc7f702ac4da",
                "sha256:eb10ce3e7736052ed3623d49975ce333bcd712c7bb19a58b9e2089d4057d0798"
            ],
            "version": "==2021.1"
        },
        "requests": {
            "hashes": [
                "sha256:27973dd4a904a4f13b263a19c866c13b92a39ed1c964655f025f3f8d3d75b804",
                "sha256:c210084e36a42ae6b9219e00e48287def368a26d03a048ddad7bfee44f75871e"
            ],
            "version": "==2.25.1"
        },
        "retrying": {
            "hashes": [
                "sha256:08c039560a6da2fe4f2c426d0766e284d3b736e355f8dd24b37367b0bb41973b"
            ],
            "version": "==1.3.3"
        },
        "scipy": {
            "hashes": [
                "sha256:01b38dec7e9f897d4db04f8de4e20f0f5be3feac98468188a0f47a991b796055",
                "sha256:10dbcc7de03b8d635a1031cb18fd3eaa997969b64fdf78f99f19ac163a825445",
                "sha256:19aeac1ad3e57338723f4657ac8520f41714804568f2e30bd547d684d72c392e",
                "sha256:1b21c6e0dc97b1762590b70dee0daddb291271be0580384d39f02c480b78290a",
                "sha256:1caade0ede6967cc675e235c41451f9fb89ae34319ddf4740194094ab736b88d",
                "sha256:23995dfcf269ec3735e5a8c80cfceaf384369a47699df111a6246b83a55da582",
                "sha256:2a799714bf1f791fb2650d73222b248d18d53fd40d6af2df2c898db048189606",
                "sha256:3274ce145b5dc416c49c0cf8b6119f787f0965cd35e22058fe1932c09fe15d77",
                "sha256:33d1677d46111cfa1c84b87472a0274dde9ef4a7ef2e1f155f012f5f1e995d8f",
                "sha256:44d452850f77e65e25b1eb1ac01e25770323a782bfe3a1a3e43847ad4266d93d",
                "sha256:9e3302149a369697c6aaea18b430b216e3c88f9a61b62869f6104881e5f9ef85",
                "sha256:a75b014d3294fce26852a9d04ea27b5671d86736beb34acdfc05859246260707",
                "sha256:ad7269254de06743fb4768f658753de47d8b54e4672c5ebe8612a007a088bd48",
                "sha256:b30280fbc1fd8082ac822994a98632111810311a9ece71a0e48f739df3c555a2",
                "sha256:b79104878003487e2b4639a20b9092b02e1bad07fc4cf924b495cf413748a777",
                "sha256:d449d40e830366b4c612692ad19fbebb722b6b847f78a7b701b1e0d6cda3cc13",
                "sha256:d647757373985207af3343301d89fe738d5a294435a4f2aafb04c13b4388c896",
                "sha256:f68eb46b86b2c246af99fcaa6f6e37c7a7a413e1084a794990b877f2ff71f7b6",
                "sha256:fdf606341cd798530b05705c87779606fcdfaf768a8129c348ea94441da15b04"
            ],
            "version": "==1.6.3"
        },
        "six": {
            "hashes": [
                "sha256:1e61c37477a1626458e36f7b1d82aa5c9b094fa4802892072e49de9c60c4c926",
                "sha256:8abb2f1d86890a2dfb989f9a77cfcfd3e47c2a354b01111771326f8aa26e0254"
            ],
            "version": "==1.16.0"
        },
        "sqlparse": {
            "hashes": [
                "sha256:017cde379adbd6a1f15a61873f43e8274179378e95ef3fede90b5aa64d304ed0",
                "sha256:0f91fd2e829c44362cbcfab3e9ae12e22badaa8a29ad5ff599f9ec109f0454e8"
            ],
            "version": "==0.4.1"
        },
        "statsmodels": {
            "hashes": [
                "sha256:071649014680bc7cad74d323878a41099db0bb1bb0d93e7d640a0d341b467da6",
                "sha256:0a8ee8fc091d9ef1db68f01e6e0079acc0f41671dfbac463131939ca573f8c71",
                "sha256:13e35799cd86ccbb9e94941b7199c75f7f5194ce3b36a11cb5af8ae8b791301c",
                "sha256:1840b899a4483b520531d0b731fb57e11a9251e2ed6c471dda0e77716f7b7bd6",
                "sha256:1c3591b8d34240447b54936c360d1556904c81058b10b2a28092267af683bd4f",
                "sha256:28b869039bb0f905f81343e3c5f1a13a58ef7d758c4a5f60b9b469921dbcda6a",
                "sha256:414d423e804769bc6959ae57dc36595976fb12732e7c3ed02bdc45e970592120",
                "sha256:4fb440b25dff41ee6df21e6cf83063aec669313fea799c9f2cb4b9204723e79e",
                "sha256:5c135ce37036e3791c229d30a13475ba0fb868015fdbd0a1878261b48026ba76",
                "sha256:64fee746d1089808cbbbcc377910e93dce21646aa0e67fa7d54ee488df545524",
                "sha256:67224a71c8c5fbf994d59198c10caa28eb6436dd4518b54468901bc6e91cdbfb",
                "sha256:70bba2b4ce256e5b6d9193cb9ec5e7ebafc96f6334e01248eeddaa62ba6ef60d",
                "sha256:70fd072beae7403343783d9850190052a5fa83029c4c5806429d8ee0b919d7b7",
                "sha256:854c0fce335fb3271fd3786b94931443bb282de77c7082d735abfa0bfed73ab1",
                "sha256:9be4907a8b8ac8d0e1dd143c905faf9c28a4072ed2b0dfcc87aca50aff9bfe6f",
                "sha256:b1d01224b761c2d1fae2a89afb9ef039c7a63a6882f602128652baea437188f5",
                "sha256:c8319b91f5892f36debefc4c259ef52457a2ce0a0b4486f5f999ad8d45977767",
                "sha256:c8fe2a8d014c130dbacf49ef2f186404699d2aeb1cb8ead92d6a5779b1dd007c",
                "sha256:d0cf4680939f34898c820f9b310cad05c4d7fa3d17d078eca3928a933331abd8",
                "sha256:e213c84f0f32b984305855169344d53d594a09bce159a8699967ff592ee171a7",
                "sha256:eb19fd8dcf7bb2b45b0835074face22b53bdfb6cc8d778fd072ca303c8351adb"
            ],
            "index": "pypi",
            "version": "==0.11.0"
        },
        "urllib3": {
            "hashes": [
                "sha256:753a0374df26658f99d826cfe40394a686d05985786d946fbe4165b5148f5a7c",
                "sha256:a7acd0977125325f516bda9735fa7142b909a8d01e8b2e4c8108d0984e6e0098"
            ],
            "index": "pypi",
            "version": "==1.26.5"
        }
    },
    "develop": {}
}
